// !$*UTF8*$!
{
	archiveVersion = 1;
	classes = {
	};
	objectVersion = 77;
	objects = {

/* Begin PBXContainerItemProxy section */
		348AADEA2D11ABC800B46EDA /* PBXContainerItemProxy */ = {
			isa = PBXContainerItemProxy;
			containerPortal = 348AADD02D11ABC600B46EDA /* Project object */;
			proxyType = 1;
			remoteGlobalIDString = 348AADD72D11ABC600B46EDA;
			remoteInfo = PlatformSpecificViewsFiles;
		};
		348AADF42D11ABC800B46EDA /* PBXContainerItemProxy */ = {
			isa = PBXContainerItemProxy;
			containerPortal = 348AADD02D11ABC600B46EDA /* Project object */;
			proxyType = 1;
			remoteGlobalIDString = 348AADD72D11ABC600B46EDA;
			remoteInfo = PlatformSpecificViewsFiles;
		};
/* End PBXContainerItemProxy section */

/* Begin PBXFileReference section */
		348AADD82D11ABC600B46EDA /* PlatformSpecificViewsFiles.app */ = {isa = PBXFileReference; explicitFileType = wrapper.application; includeInIndex = 0; path = PlatformSpecificViewsFiles.app; sourceTree = BUILT_PRODUCTS_DIR; };
		348AADE92D11ABC800B46EDA /* PlatformSpecificViewsFilesTests.xctest */ = {isa = PBXFileReference; explicitFileType = wrapper.cfbundle; includeInIndex = 0; path = PlatformSpecificViewsFilesTests.xctest; sourceTree = BUILT_PRODUCTS_DIR; };
		348AADF32D11ABC800B46EDA /* PlatformSpecificViewsFilesUITests.xctest */ = {isa = PBXFileReference; explicitFileType = wrapper.cfbundle; includeInIndex = 0; path = PlatformSpecificViewsFilesUITests.xctest; sourceTree = BUILT_PRODUCTS_DIR; };
/* End PBXFileReference section */

/* Begin PBXFileSystemSynchronizedBuildFileExceptionSet section */
		348AAE122D11AD7100B46EDA /* Exceptions for "PlatformSpecificViewsFilesUITests" folder in "PlatformSpecificViewsFilesTests" target */ = {
			isa = PBXFileSystemSynchronizedBuildFileExceptionSet;
			membershipExceptions = (
				PlatformSpecificViewsFilesTests.swift,
			);
			target = 348AADE82D11ABC800B46EDA /* PlatformSpecificViewsFilesTests */;
		};
		348AAE132D11AD7100B46EDA /* Exceptions for "PlatformSpecificViewsFilesUITests" folder in "PlatformSpecificViewsFilesUITests" target */ = {
			isa = PBXFileSystemSynchronizedBuildFileExceptionSet;
			membershipExceptions = (
				PlatformSpecificViewsFilesTests.swift,
			);
			target = 348AADF22D11ABC800B46EDA /* PlatformSpecificViewsFilesUITests */;
		};
		348AAE142D11ADE700B46EDA /* Exceptions for "PlatformSpecificViewsFiles" folder in "PlatformSpecificViewsFiles" target */ = {
			isa = PBXFileSystemSynchronizedBuildFileExceptionSet;
			platformFiltersByRelativePath = {
				View/iOS/Home.swift = (ios, );
				View/macOS/Home.swift = (macos, );
			};
			target = 348AADD72D11ABC600B46EDA /* PlatformSpecificViewsFiles */;
		};
/* End PBXFileSystemSynchronizedBuildFileExceptionSet section */

/* Begin PBXFileSystemSynchronizedRootGroup section */
		348AADDA2D11ABC600B46EDA /* PlatformSpecificViewsFiles */ = {
			isa = PBXFileSystemSynchronizedRootGroup;
			exceptions = (
				348AAE142D11ADE700B46EDA /* Exceptions for "PlatformSpecificViewsFiles" folder in "PlatformSpecificViewsFiles" target */,
			);
			path = PlatformSpecificViewsFiles;
			sourceTree = "<group>";
		};
		348AADEC2D11ABC800B46EDA /* PlatformSpecificViewsFilesTests */ = {
			isa = PBXFileSystemSynchronizedRootGroup;
			path = PlatformSpecificViewsFilesTests;
			sourceTree = "<group>";
		};
		348AADF62D11ABC800B46EDA /* PlatformSpecificViewsFilesUITests */ = {
			isa = PBXFileSystemSynchronizedRootGroup;
			exceptions = (
				348AAE122D11AD7100B46EDA /* Exceptions for "PlatformSpecificViewsFilesUITests" folder in "PlatformSpecificViewsFilesTests" target */,
				348AAE132D11AD7100B46EDA /* Exceptions for "PlatformSpecificViewsFilesUITests" folder in "PlatformSpecificViewsFilesUITests" target */,
			);
			path = PlatformSpecificViewsFilesUITests;
			sourceTree = "<group>";
		};
/* End PBXFileSystemSynchronizedRootGroup section */

/* Begin PBXFrameworksBuildPhase section */
		348AADD52D11ABC600B46EDA /* Frameworks */ = {
			isa = PBXFrameworksBuildPhase;
			buildActionMask = 2147483647;
			files = (
			);
			runOnlyForDeploymentPostprocessing = 0;
		};
		348AADE62D11ABC800B46EDA /* Frameworks */ = {
			isa = PBXFrameworksBuildPhase;
			buildActionMask = 2147483647;
			files = (
			);
			runOnlyForDeploymentPostprocessing = 0;
		};
		348AADF02D11ABC800B46EDA /* Frameworks */ = {
			isa = PBXFrameworksBuildPhase;
			buildActionMask = 2147483647;
			files = (
			);
			runOnlyForDeploymentPostprocessing = 0;
		};
/* End PBXFrameworksBuildPhase section */

/* Begin PBXGroup section */
		348AADCF2D11ABC600B46EDA = {
			isa = PBXGroup;
			children = (
				348AADDA2D11ABC600B46EDA /* PlatformSpecificViewsFiles */,
				348AADEC2D11ABC800B46EDA /* PlatformSpecificViewsFilesTests */,
				348AADF62D11ABC800B46EDA /* PlatformSpecificViewsFilesUITests */,
				348AADD92D11ABC600B46EDA /* Products */,
			);
			sourceTree = "<group>";
		};
		348AADD92D11ABC600B46EDA /* Products */ = {
			isa = PBXGroup;
			children = (
				348AADD82D11ABC600B46EDA /* PlatformSpecificViewsFiles.app */,
				348AADE92D11ABC800B46EDA /* PlatformSpecificViewsFilesTests.xctest */,
				348AADF32D11ABC800B46EDA /* PlatformSpecificViewsFilesUITests.xctest */,
			);
			name = Products;
			sourceTree = "<group>";
		};
/* End PBXGroup section */

/* Begin PBXNativeTarget section */
		348AADD72D11ABC600B46EDA /* PlatformSpecificViewsFiles */ = {
			isa = PBXNativeTarget;
			buildConfigurationList = 348AADFD2D11ABC800B46EDA /* Build configuration list for PBXNativeTarget "PlatformSpecificViewsFiles" */;
			buildPhases = (
				348AADD42D11ABC600B46EDA /* Sources */,
				348AADD52D11ABC600B46EDA /* Frameworks */,
				348AADD62D11ABC600B46EDA /* Resources */,
			);
			buildRules = (
			);
			dependencies = (
			);
			fileSystemSynchronizedGroups = (
				348AADDA2D11ABC600B46EDA /* PlatformSpecificViewsFiles */,
			);
			name = PlatformSpecificViewsFiles;
			packageProductDependencies = (
			);
			productName = PlatformSpecificViewsFiles;
			productReference = 348AADD82D11ABC600B46EDA /* PlatformSpecificViewsFiles.app */;
			productType = "com.apple.product-type.application";
		};
		348AADE82D11ABC800B46EDA /* PlatformSpecificViewsFilesTests */ = {
			isa = PBXNativeTarget;
			buildConfigurationList = 348AAE002D11ABC800B46EDA /* Build configuration list for PBXNativeTarget "PlatformSpecificViewsFilesTests" */;
			buildPhases = (
				348AADE52D11ABC800B46EDA /* Sources */,
				348AADE62D11ABC800B46EDA /* Frameworks */,
				348AADE72D11ABC800B46EDA /* Resources */,
			);
			buildRules = (
			);
			dependencies = (
				348AADEB2D11ABC800B46EDA /* PBXTargetDependency */,
			);
			fileSystemSynchronizedGroups = (
				348AADEC2D11ABC800B46EDA /* PlatformSpecificViewsFilesTests */,
			);
			name = PlatformSpecificViewsFilesTests;
			packageProductDependencies = (
			);
			productName = PlatformSpecificViewsFilesTests;
			productReference = 348AADE92D11ABC800B46EDA /* PlatformSpecificViewsFilesTests.xctest */;
			productType = "com.apple.product-type.bundle.unit-test";
		};
		348AADF22D11ABC800B46EDA /* PlatformSpecificViewsFilesUITests */ = {
			isa = PBXNativeTarget;
			buildConfigurationList = 348AAE032D11ABC800B46EDA /* Build configuration list for PBXNativeTarget "PlatformSpecificViewsFilesUITests" */;
			buildPhases = (
				348AADEF2D11ABC800B46EDA /* Sources */,
				348AADF02D11ABC800B46EDA /* Frameworks */,
				348AADF12D11ABC800B46EDA /* Resources */,
			);
			buildRules = (
			);
			dependencies = (
				348AADF52D11ABC800B46EDA /* PBXTargetDependency */,
			);
			fileSystemSynchronizedGroups = (
				348AADF62D11ABC800B46EDA /* PlatformSpecificViewsFilesUITests */,
			);
			name = PlatformSpecificViewsFilesUITests;
			packageProductDependencies = (
			);
			productName = PlatformSpecificViewsFilesUITests;
			productReference = 348AADF32D11ABC800B46EDA /* PlatformSpecificViewsFilesUITests.xctest */;
			productType = "com.apple.product-type.bundle.ui-testing";
		};
/* End PBXNativeTarget section */

/* Begin PBXProject section */
		348AADD02D11ABC600B46EDA /* Project object */ = {
			isa = PBXProject;
			attributes = {
				BuildIndependentTargetsInParallel = 1;
				LastSwiftUpdateCheck = 1620;
				LastUpgradeCheck = 1620;
				TargetAttributes = {
					348AADD72D11ABC600B46EDA = {
						CreatedOnToolsVersion = 16.2;
					};
					348AADE82D11ABC800B46EDA = {
						CreatedOnToolsVersion = 16.2;
						TestTargetID = 348AADD72D11ABC600B46EDA;
					};
					348AADF22D11ABC800B46EDA = {
						CreatedOnToolsVersion = 16.2;
						TestTargetID = 348AADD72D11ABC600B46EDA;
					};
				};
			};
			buildConfigurationList = 348AADD32D11ABC600B46EDA /* Build configuration list for PBXProject "PlatformSpecificViewsFiles" */;
			developmentRegion = en;
			hasScannedForEncodings = 0;
			knownRegions = (
				en,
				Base,
			);
			mainGroup = 348AADCF2D11ABC600B46EDA;
			minimizedProjectReferenceProxies = 1;
			preferredProjectObjectVersion = 77;
			productRefGroup = 348AADD92D11ABC600B46EDA /* Products */;
			projectDirPath = "";
			projectRoot = "";
			targets = (
				348AADD72D11ABC600B46EDA /* PlatformSpecificViewsFiles */,
				348AADE82D11ABC800B46EDA /* PlatformSpecificViewsFilesTests */,
				348AADF22D11ABC800B46EDA /* PlatformSpecificViewsFilesUITests */,
			);
		};
/* End PBXProject section */

/* Begin PBXResourcesBuildPhase section */
		348AADD62D11ABC600B46EDA /* Resources */ = {
			isa = PBXResourcesBuildPhase;
			buildActionMask = 2147483647;
			files = (
			);
			runOnlyForDeploymentPostprocessing = 0;
		};
		348AADE72D11ABC800B46EDA /* Resources */ = {
			isa = PBXResourcesBuildPhase;
			buildActionMask = 2147483647;
			files = (
			);
			runOnlyForDeploymentPostprocessing = 0;
		};
		348AADF12D11ABC800B46EDA /* Resources */ = {
			isa = PBXResourcesBuildPhase;
			buildActionMask = 2147483647;
			files = (
			);
			runOnlyForDeploymentPostprocessing = 0;
		};
/* End PBXResourcesBuildPhase section */

/* Begin PBXSourcesBuildPhase section */
		348AADD42D11ABC600B46EDA /* Sources */ = {
			isa = PBXSourcesBuildPhase;
			buildActionMask = 2147483647;
			files = (
			);
			runOnlyForDeploymentPostprocessing = 0;
		};
		348AADE52D11ABC800B46EDA /* Sources */ = {
			isa = PBXSourcesBuildPhase;
			buildActionMask = 2147483647;
			files = (
			);
			runOnlyForDeploymentPostprocessing = 0;
		};
		348AADEF2D11ABC800B46EDA /* Sources */ = {
			isa = PBXSourcesBuildPhase;
			buildActionMask = 2147483647;
			files = (
			);
			runOnlyForDeploymentPostprocessing = 0;
		};
/* End PBXSourcesBuildPhase section */

/* Begin PBXTargetDependency section */
		348AADEB2D11ABC800B46EDA /* PBXTargetDependency */ = {
			isa = PBXTargetDependency;
			target = 348AADD72D11ABC600B46EDA /* PlatformSpecificViewsFiles */;
			targetProxy = 348AADEA2D11ABC800B46EDA /* PBXContainerItemProxy */;
		};
		348AADF52D11ABC800B46EDA /* PBXTargetDependency */ = {
			isa = PBXTargetDependency;
			target = 348AADD72D11ABC600B46EDA /* PlatformSpecificViewsFiles */;
			targetProxy = 348AADF42D11ABC800B46EDA /* PBXContainerItemProxy */;
		};
/* End PBXTargetDependency section */

/* Begin XCBuildConfiguration section */
		348AADFB2D11ABC800B46EDA /* Debug */ = {
			isa = XCBuildConfiguration;
			buildSettings = {
				ALWAYS_SEARCH_USER_PATHS = NO;
				ASSETCATALOG_COMPILER_GENERATE_SWIFT_ASSET_SYMBOL_EXTENSIONS = YES;
				CLANG_ANALYZER_NONNULL = YES;
				CLANG_ANALYZER_NUMBER_OBJECT_CONVERSION = YES_AGGRESSIVE;
				CLANG_CXX_LANGUAGE_STANDARD = "gnu++20";
				CLANG_ENABLE_MODULES = YES;
				CLANG_ENABLE_OBJC_ARC = YES;
				CLANG_ENABLE_OBJC_WEAK = YES;
				CLANG_WARN_BLOCK_CAPTURE_AUTORELEASING = YES;
				CLANG_WARN_BOOL_CONVERSION = YES;
				CLANG_WARN_COMMA = YES;
				CLANG_WARN_CONSTANT_CONVERSION = YES;
				CLANG_WARN_DEPRECATED_OBJC_IMPLEMENTATIONS = YES;
				CLANG_WARN_DIRECT_OBJC_ISA_USAGE = YES_ERROR;
				CLANG_WARN_DOCUMENTATION_COMMENTS = YES;
				CLANG_WARN_EMPTY_BODY = YES;
				CLANG_WARN_ENUM_CONVERSION = YES;
				CLANG_WARN_INFINITE_RECURSION = YES;
				CLANG_WARN_INT_CONVERSION = YES;
				CLANG_WARN_NON_LITERAL_NULL_CONVERSION = YES;
				CLANG_WARN_OBJC_IMPLICIT_RETAIN_SELF = YES;
				CLANG_WARN_OBJC_LITERAL_CONVERSION = YES;
				CLANG_WARN_OBJC_ROOT_CLASS = YES_ERROR;
				CLANG_WARN_QUOTED_INCLUDE_IN_FRAMEWORK_HEADER = YES;
				CLANG_WARN_RANGE_LOOP_ANALYSIS = YES;
				CLANG_WARN_STRICT_PROTOTYPES = YES;
				CLANG_WARN_SUSPICIOUS_MOVE = YES;
				CLANG_WARN_UNGUARDED_AVAILABILITY = YES_AGGRESSIVE;
				CLANG_WARN_UNREACHABLE_CODE = YES;
				CLANG_WARN__DUPLICATE_METHOD_MATCH = YES;
				COPY_PHASE_STRIP = NO;
				DEBUG_INFORMATION_FORMAT = dwarf;
				ENABLE_STRICT_OBJC_MSGSEND = YES;
				ENABLE_TESTABILITY = YES;
				ENABLE_USER_SCRIPT_SANDBOXING = YES;
				GCC_C_LANGUAGE_STANDARD = gnu17;
				GCC_DYNAMIC_NO_PIC = NO;
				GCC_NO_COMMON_BLOCKS = YES;
				GCC_OPTIMIZATION_LEVEL = 0;
				GCC_PREPROCESSOR_DEFINITIONS = (
					"DEBUG=1",
					"$(inherited)",
				);
				GCC_WARN_64_TO_32_BIT_CONVERSION = YES;
				GCC_WARN_ABOUT_RETURN_TYPE = YES_ERROR;
				GCC_WARN_UNDECLARED_SELECTOR = YES;
				GCC_WARN_UNINITIALIZED_AUTOS = YES_AGGRESSIVE;
				GCC_WARN_UNUSED_FUNCTION = YES;
				GCC_WARN_UNUSED_VARIABLE = YES;
				LOCALIZATION_PREFERS_STRING_CATALOGS = YES;
				MTL_ENABLE_DEBUG_INFO = INCLUDE_SOURCE;
				MTL_FAST_MATH = YES;
				ONLY_ACTIVE_ARCH = YES;
				SWIFT_ACTIVE_COMPILATION_CONDITIONS = "DEBUG $(inherited)";
				SWIFT_OPTIMIZATION_LEVEL = "-Onone";
			};
			name = Debug;
		};
		348AADFC2D11ABC800B46EDA /* Release */ = {
			isa = XCBuildConfiguration;
			buildSettings = {
				ALWAYS_SEARCH_USER_PATHS = NO;
				ASSETCATALOG_COMPILER_GENERATE_SWIFT_ASSET_SYMBOL_EXTENSIONS = YES;
				CLANG_ANALYZER_NONNULL = YES;
				CLANG_ANALYZER_NUMBER_OBJECT_CONVERSION = YES_AGGRESSIVE;
				CLANG_CXX_LANGUAGE_STANDARD = "gnu++20";
				CLANG_ENABLE_MODULES = YES;
				CLANG_ENABLE_OBJC_ARC = YES;
				CLANG_ENABLE_OBJC_WEAK = YES;
				CLANG_WARN_BLOCK_CAPTURE_AUTORELEASING = YES;
				CLANG_WARN_BOOL_CONVERSION = YES;
				CLANG_WARN_COMMA = YES;
				CLANG_WARN_CONSTANT_CONVERSION = YES;
				CLANG_WARN_DEPRECATED_OBJC_IMPLEMENTATIONS = YES;
				CLANG_WARN_DIRECT_OBJC_ISA_USAGE = YES_ERROR;
				CLANG_WARN_DOCUMENTATION_COMMENTS = YES;
				CLANG_WARN_EMPTY_BODY = YES;
				CLANG_WARN_ENUM_CONVERSION = YES;
				CLANG_WARN_INFINITE_RECURSION = YES;
				CLANG_WARN_INT_CONVERSION = YES;
				CLANG_WARN_NON_LITERAL_NULL_CONVERSION = YES;
				CLANG_WARN_OBJC_IMPLICIT_RETAIN_SELF = YES;
				CLANG_WARN_OBJC_LITERAL_CONVERSION = YES;
				CLANG_WARN_OBJC_ROOT_CLASS = YES_ERROR;
				CLANG_WARN_QUOTED_INCLUDE_IN_FRAMEWORK_HEADER = YES;
				CLANG_WARN_RANGE_LOOP_ANALYSIS = YES;
				CLANG_WARN_STRICT_PROTOTYPES = YES;
				CLANG_WARN_SUSPICIOUS_MOVE = YES;
				CLANG_WARN_UNGUARDED_AVAILABILITY = YES_AGGRESSIVE;
				CLANG_WARN_UNREACHABLE_CODE = YES;
				CLANG_WARN__DUPLICATE_METHOD_MATCH = YES;
				COPY_PHASE_STRIP = NO;
				DEBUG_INFORMATION_FORMAT = "dwarf-with-dsym";
				ENABLE_NS_ASSERTIONS = NO;
				ENABLE_STRICT_OBJC_MSGSEND = YES;
				ENABLE_USER_SCRIPT_SANDBOXING = YES;
				GCC_C_LANGUAGE_STANDARD = gnu17;
				GCC_NO_COMMON_BLOCKS = YES;
				GCC_WARN_64_TO_32_BIT_CONVERSION = YES;
				GCC_WARN_ABOUT_RETURN_TYPE = YES_ERROR;
				GCC_WARN_UNDECLARED_SELECTOR = YES;
				GCC_WARN_UNINITIALIZED_AUTOS = YES_AGGRESSIVE;
				GCC_WARN_UNUSED_FUNCTION = YES;
				GCC_WARN_UNUSED_VARIABLE = YES;
				LOCALIZATION_PREFERS_STRING_CATALOGS = YES;
				MTL_ENABLE_DEBUG_INFO = NO;
				MTL_FAST_MATH = YES;
				SWIFT_COMPILATION_MODE = wholemodule;
			};
			name = Release;
		};
		348AADFE2D11ABC800B46EDA /* Debug */ = {
			isa = XCBuildConfiguration;
			buildSettings = {
				ASSETCATALOG_COMPILER_APPICON_NAME = AppIcon;
				ASSETCATALOG_COMPILER_GLOBAL_ACCENT_COLOR_NAME = AccentColor;
				CODE_SIGN_ENTITLEMENTS = PlatformSpecificViewsFiles/PlatformSpecificViewsFiles.entitlements;
				CODE_SIGN_STYLE = Automatic;
				CURRENT_PROJECT_VERSION = 1;
				DEVELOPMENT_ASSET_PATHS = "\"PlatformSpecificViewsFiles/Preview Content\"";
				DEVELOPMENT_TEAM = U4A9CNA96C;
				ENABLE_HARDENED_RUNTIME = YES;
				ENABLE_PREVIEWS = YES;
				GENERATE_INFOPLIST_FILE = YES;
				"INFOPLIST_KEY_UIApplicationSceneManifest_Generation[sdk=iphoneos*]" = YES;
				"INFOPLIST_KEY_UIApplicationSceneManifest_Generation[sdk=iphonesimulator*]" = YES;
				"INFOPLIST_KEY_UIApplicationSupportsIndirectInputEvents[sdk=iphoneos*]" = YES;
				"INFOPLIST_KEY_UIApplicationSupportsIndirectInputEvents[sdk=iphonesimulator*]" = YES;
				"INFOPLIST_KEY_UILaunchScreen_Generation[sdk=iphoneos*]" = YES;
				"INFOPLIST_KEY_UILaunchScreen_Generation[sdk=iphonesimulator*]" = YES;
				"INFOPLIST_KEY_UIStatusBarStyle[sdk=iphoneos*]" = UIStatusBarStyleDefault;
				"INFOPLIST_KEY_UIStatusBarStyle[sdk=iphonesimulator*]" = UIStatusBarStyleDefault;
				INFOPLIST_KEY_UISupportedInterfaceOrientations_iPad = "UIInterfaceOrientationPortrait UIInterfaceOrientationPortraitUpsideDown UIInterfaceOrientationLandscapeLeft UIInterfaceOrientationLandscapeRight";
				INFOPLIST_KEY_UISupportedInterfaceOrientations_iPhone = "UIInterfaceOrientationPortrait UIInterfaceOrientationLandscapeLeft UIInterfaceOrientationLandscapeRight";
				IPHONEOS_DEPLOYMENT_TARGET = 18.2;
				LD_RUNPATH_SEARCH_PATHS = "@executable_path/Frameworks";
				"LD_RUNPATH_SEARCH_PATHS[sdk=macosx*]" = "@executable_path/../Frameworks";
				MACOSX_DEPLOYMENT_TARGET = 15.1;
				MARKETING_VERSION = 1.0;
				PRODUCT_BUNDLE_IDENTIFIER = com.hakobghlijyan.PlatformSpecificViewsFiles;
				PRODUCT_NAME = "$(TARGET_NAME)";
				SDKROOT = auto;
				SUPPORTED_PLATFORMS = "iphoneos iphonesimulator macosx xros xrsimulator";
				SWIFT_EMIT_LOC_STRINGS = YES;
				SWIFT_VERSION = 5.0;
				TARGETED_DEVICE_FAMILY = "1,2,7";
				XROS_DEPLOYMENT_TARGET = 2.2;
			};
			name = Debug;
		};
		348AADFF2D11ABC800B46EDA /* Release */ = {
			isa = XCBuildConfiguration;
			buildSettings = {
				ASSETCATALOG_COMPILER_APPICON_NAME = AppIcon;
				ASSETCATALOG_COMPILER_GLOBAL_ACCENT_COLOR_NAME = AccentColor;
				CODE_SIGN_ENTITLEMENTS = PlatformSpecificViewsFiles/PlatformSpecificViewsFiles.entitlements;
				CODE_SIGN_STYLE = Automatic;
				CURRENT_PROJECT_VERSION = 1;
				DEVELOPMENT_ASSET_PATHS = "\"PlatformSpecificViewsFiles/Preview Content\"";
				DEVELOPMENT_TEAM = U4A9CNA96C;
				ENABLE_HARDENED_RUNTIME = YES;
				ENABLE_PREVIEWS = YES;
				GENERATE_INFOPLIST_FILE = YES;
				"INFOPLIST_KEY_UIApplicationSceneManifest_Generation[sdk=iphoneos*]" = YES;
				"INFOPLIST_KEY_UIApplicationSceneManifest_Generation[sdk=iphonesimulator*]" = YES;
				"INFOPLIST_KEY_UIApplicationSupportsIndirectInputEvents[sdk=iphoneos*]" = YES;
				"INFOPLIST_KEY_UIApplicationSupportsIndirectInputEvents[sdk=iphonesimulator*]" = YES;
				"INFOPLIST_KEY_UILaunchScreen_Generation[sdk=iphoneos*]" = YES;
				"INFOPLIST_KEY_UILaunchScreen_Generation[sdk=iphonesimulator*]" = YES;
				"INFOPLIST_KEY_UIStatusBarStyle[sdk=iphoneos*]" = UIStatusBarStyleDefault;
				"INFOPLIST_KEY_UIStatusBarStyle[sdk=iphonesimulator*]" = UIStatusBarStyleDefault;
				INFOPLIST_KEY_UISupportedInterfaceOrientations_iPad = "UIInterfaceOrientationPortrait UIInterfaceOrientationPortraitUpsideDown UIInterfaceOrientationLandscapeLeft UIInterfaceOrientationLandscapeRight";
				INFOPLIST_KEY_UISupportedInterfaceOrientations_iPhone = "UIInterfaceOrientationPortrait UIInterfaceOrientationLandscapeLeft UIInterfaceOrientationLandscapeRight";
				IPHONEOS_DEPLOYMENT_TARGET = 18.2;
				LD_RUNPATH_SEARCH_PATHS = "@executable_path/Frameworks";
				"LD_RUNPATH_SEARCH_PATHS[sdk=macosx*]" = "@executable_path/../Frameworks";
				MACOSX_DEPLOYMENT_TARGET = 15.1;
				MARKETING_VERSION = 1.0;
				PRODUCT_BUNDLE_IDENTIFIER = com.hakobghlijyan.PlatformSpecificViewsFiles;
				PRODUCT_NAME = "$(TARGET_NAME)";
				SDKROOT = auto;
				SUPPORTED_PLATFORMS = "iphoneos iphonesimulator macosx xros xrsimulator";
				SWIFT_EMIT_LOC_STRINGS = YES;
				SWIFT_VERSION = 5.0;
				TARGETED_DEVICE_FAMILY = "1,2,7";
				XROS_DEPLOYMENT_TARGET = 2.2;
			};
			name = Release;
		};
		348AAE012D11ABC800B46EDA /* Debug */ = {
			isa = XCBuildConfiguration;
			buildSettings = {
				BUNDLE_LOADER = "$(TEST_HOST)";
				CODE_SIGN_STYLE = Automatic;
				CURRENT_PROJECT_VERSION = 1;
				DEVELOPMENT_TEAM = U4A9CNA96C;
				GENERATE_INFOPLIST_FILE = YES;
				IPHONEOS_DEPLOYMENT_TARGET = 18.2;
				MACOSX_DEPLOYMENT_TARGET = 15.1;
				MARKETING_VERSION = 1.0;
				PRODUCT_BUNDLE_IDENTIFIER = com.hakobghlijyan.PlatformSpecificViewsFilesTests;
				PRODUCT_NAME = "$(TARGET_NAME)";
				SDKROOT = auto;
				SUPPORTED_PLATFORMS = "iphoneos iphonesimulator macosx xros xrsimulator";
				SWIFT_EMIT_LOC_STRINGS = NO;
				SWIFT_VERSION = 5.0;
				TARGETED_DEVICE_FAMILY = "1,2,7";
				TEST_HOST = "$(BUILT_PRODUCTS_DIR)/PlatformSpecificViewsFiles.app/$(BUNDLE_EXECUTABLE_FOLDER_PATH)/PlatformSpecificViewsFiles";
				XROS_DEPLOYMENT_TARGET = 2.2;
			};
			name = Debug;
		};
		348AAE022D11ABC800B46EDA /* Release */ = {
			isa = XCBuildConfiguration;
			buildSettings = {
				BUNDLE_LOADER = "$(TEST_HOST)";
				CODE_SIGN_STYLE = Automatic;
				CURRENT_PROJECT_VERSION = 1;
				DEVELOPMENT_TEAM = U4A9CNA96C;
				GENERATE_INFOPLIST_FILE = YES;
				IPHONEOS_DEPLOYMENT_TARGET = 18.2;
				MACOSX_DEPLOYMENT_TARGET = 15.1;
				MARKETING_VERSION = 1.0;
				PRODUCT_BUNDLE_IDENTIFIER = com.hakobghlijyan.PlatformSpecificViewsFilesTests;
				PRODUCT_NAME = "$(TARGET_NAME)";
				SDKROOT = auto;
				SUPPORTED_PLATFORMS = "iphoneos iphonesimulator macosx xros xrsimulator";
				SWIFT_EMIT_LOC_STRINGS = NO;
				SWIFT_VERSION = 5.0;
				TARGETED_DEVICE_FAMILY = "1,2,7";
				TEST_HOST = "$(BUILT_PRODUCTS_DIR)/PlatformSpecificViewsFiles.app/$(BUNDLE_EXECUTABLE_FOLDER_PATH)/PlatformSpecificViewsFiles";
				XROS_DEPLOYMENT_TARGET = 2.2;
			};
			name = Release;
		};
		348AAE042D11ABC800B46EDA /* Debug */ = {
			isa = XCBuildConfiguration;
			buildSettings = {
				CODE_SIGN_STYLE = Automatic;
				CURRENT_PROJECT_VERSION = 1;
				DEVELOPMENT_TEAM = U4A9CNA96C;
				GENERATE_INFOPLIST_FILE = YES;
				IPHONEOS_DEPLOYMENT_TARGET = 18.2;
				MACOSX_DEPLOYMENT_TARGET = 15.1;
				MARKETING_VERSION = 1.0;
				PRODUCT_BUNDLE_IDENTIFIER = com.hakobghlijyan.PlatformSpecificViewsFilesUITests;
				PRODUCT_NAME = "$(TARGET_NAME)";
				SDKROOT = auto;
				SUPPORTED_PLATFORMS = "iphoneos iphonesimulator macosx xros xrsimulator";
				SWIFT_EMIT_LOC_STRINGS = NO;
				SWIFT_VERSION = 5.0;
				TARGETED_DEVICE_FAMILY = "1,2,7";
				TEST_TARGET_NAME = PlatformSpecificViewsFiles;
				XROS_DEPLOYMENT_TARGET = 2.2;
			};
			name = Debug;
		};
		348AAE052D11ABC800B46EDA /* Release */ = {
			isa = XCBuildConfiguration;
			buildSettings = {
				CODE_SIGN_STYLE = Automatic;
				CURRENT_PROJECT_VERSION = 1;
				DEVELOPMENT_TEAM = U4A9CNA96C;
				GENERATE_INFOPLIST_FILE = YES;
				IPHONEOS_DEPLOYMENT_TARGET = 18.2;
				MACOSX_DEPLOYMENT_TARGET = 15.1;
				MARKETING_VERSION = 1.0;
				PRODUCT_BUNDLE_IDENTIFIER = com.hakobghlijyan.PlatformSpecificViewsFilesUITests;
				PRODUCT_NAME = "$(TARGET_NAME)";
				SDKROOT = auto;
				SUPPORTED_PLATFORMS = "iphoneos iphonesimulator macosx xros xrsimulator";
				SWIFT_EMIT_LOC_STRINGS = NO;
				SWIFT_VERSION = 5.0;
				TARGETED_DEVICE_FAMILY = "1,2,7";
				TEST_TARGET_NAME = PlatformSpecificViewsFiles;
				XROS_DEPLOYMENT_TARGET = 2.2;
			};
			name = Release;
		};
/* End XCBuildConfiguration section */

/* Begin XCConfigurationList section */
		348AADD32D11ABC600B46EDA /* Build configuration list for PBXProject "PlatformSpecificViewsFiles" */ = {
			isa = XCConfigurationList;
			buildConfigurations = (
				348AADFB2D11ABC800B46EDA /* Debug */,
				348AADFC2D11ABC800B46EDA /* Release */,
			);
			defaultConfigurationIsVisible = 0;
			defaultConfigurationName = Release;
		};
		348AADFD2D11ABC800B46EDA /* Build configuration list for PBXNativeTarget "PlatformSpecificViewsFiles" */ = {
			isa = XCConfigurationList;
			buildConfigurations = (
				348AADFE2D11ABC800B46EDA /* Debug */,
				348AADFF2D11ABC800B46EDA /* Release */,
			);
			defaultConfigurationIsVisible = 0;
			defaultConfigurationName = Release;
		};
		348AAE002D11ABC800B46EDA /* Build configuration list for PBXNativeTarget "PlatformSpecificViewsFilesTests" */ = {
			isa = XCConfigurationList;
			buildConfigurations = (
				348AAE012D11ABC800B46EDA /* Debug */,
				348AAE022D11ABC800B46EDA /* Release */,
			);
			defaultConfigurationIsVisible = 0;
			defaultConfigurationName = Release;
		};
		348AAE032D11ABC800B46EDA /* Build configuration list for PBXNativeTarget "PlatformSpecificViewsFilesUITests" */ = {
			isa = XCConfigurationList;
			buildConfigurations = (
				348AAE042D11ABC800B46EDA /* Debug */,
				348AAE052D11ABC800B46EDA /* Release */,
			);
			defaultConfigurationIsVisible = 0;
			defaultConfigurationName = Release;
		};
/* End XCConfigurationList section */
	};
	rootObject = 348AADD02D11ABC600B46EDA /* Project object */;
}
